
Microsoft Visual Studio Solution File, Format Version 12.00
# Visual Studio Version 17
VisualStudioVersion = 17.4.33213.308
MinimumVisualStudioVersion = 10.0.40219.1
Project("{FAE04EC0-301F-11D3-BF4B-00C04F79EFBC}") = "ApiFacturamaTest", "ApiFacturamaTest\ApiFacturamaTest.csproj", "{D7AC3137-1ABD-4D1A-A8B6-0989889ADCAA}"
EndProject
Global
	GlobalSection(SolutionConfigurationPlatforms) = preSolution
		Debug|Any CPU = Debug|Any CPU
		Release|Any CPU = Release|Any CPU
	EndGlobalSection
	GlobalSection(ProjectConfigurationPlatforms) = postSolution
		{D7AC3137-1ABD-4D1A-A8B6-0989889ADCAA}.Debug|Any CPU.ActiveCfg = Debug|Any CPU
		{D7AC3137-1ABD-4D1A-A8B6-0989889ADCAA}.Debug|Any CPU.Build.0 = Debug|Any CPU
		{D7AC3137-1ABD-4D1A-A8B6-0989889ADCAA}.Release|Any CPU.ActiveCfg = Release|Any CPU
		{D7AC3137-1ABD-4D1A-A8B6-0989889ADCAA}.Release|Any CPU.Build.0 = Release|Any CPU
	EndGlobalSection
	GlobalSection(SolutionProperties) = preSolution
		HideSolutionNode = FALSE
	EndGlobalSection
	GlobalSection(ExtensibilityGlobals) = postSolution
		SolutionGuid = {7237D3FC-4DE8-4792-9682-DB6592C256CF}
	EndGlobalSection
EndGlobal
